{
  "name": "oceanictemplate",
  "version": "1.0.0",
  "lockfileVersion": 2,
  "requires": true,
  "packages": {
    "": {
      "name": "oceanictemplate",
      "version": "1.0.0",
      "license": "ISC",
      "dependencies": {
        "dotenv": "^16.0.2",
        "oceanic.js": "^1.0.2"
      },
      "devDependencies": {
        "@types/node": "^18.7.15",
        "@types/ws": "^8.5.3"
      },
      "engines": {
        "node": ">=16.16.0"
      }
    },
    "node_modules/@discordjs/voice": {
      "version": "0.11.0",
      "resolved": "https://registry.npmjs.org/@discordjs/voice/-/voice-0.11.0.tgz",
      "integrity": "sha512-6+9cj1dxzBJm7WJ9qyG2XZZQ8rcLl6x2caW0C0OxuTtMLAaEDntpb6lqMTFiBg/rDc4Rd59g1w0gJmib33CuHw==",
      "optional": true,
      "dependencies": {
        "@types/ws": "^8.5.3",
        "discord-api-types": "^0.36.2",
        "prism-media": "^1.3.4",
        "tslib": "^2.4.0",
        "ws": "^8.8.1"
      },
      "engines": {
        "node": ">=16.9.0"
      }
    },
    "node_modules/@types/node": {
      "version": "18.7.16",
      "resolved": "https://registry.npmjs.org/@types/node/-/node-18.7.16.tgz",
      "integrity": "sha512-EQHhixfu+mkqHMZl1R2Ovuvn47PUw18azMJOTwSZr9/fhzHNGXAJ0ma0dayRVchprpCj0Kc1K1xKoWaATWF1qg==",
      "devOptional": true
    },
    "node_modules/@types/ws": {
      "version": "8.5.3",
      "resolved": "https://registry.npmjs.org/@types/ws/-/ws-8.5.3.tgz",
      "integrity": "sha512-6YOoWjruKj1uLf3INHH7D3qTXwFfEsg1kf3c0uDdSBJwfa/llkwIjrAGV7j7mVgGNbzTQ3HiHKKDXl6bJPD97w==",
      "devOptional": true,
      "dependencies": {
        "@types/node": "*"
      }
    },
    "node_modules/discord-api-types": {
      "version": "0.36.3",
      "resolved": "https://registry.npmjs.org/discord-api-types/-/discord-api-types-0.36.3.tgz",
      "integrity": "sha512-bz/NDyG0KBo/tY14vSkrwQ/n3HKPf87a0WFW/1M9+tXYK+vp5Z5EksawfCWo2zkAc6o7CClc0eff1Pjrqznlwg==",
      "optional": true
    },
    "node_modules/dotenv": {
      "version": "16.0.2",
      "resolved": "https://registry.npmjs.org/dotenv/-/dotenv-16.0.2.tgz",
      "integrity": "sha512-JvpYKUmzQhYoIFgK2MOnF3bciIZoItIIoryihy0rIA+H4Jy0FmgyKYAHCTN98P5ybGSJcIFbh6QKeJdtZd1qhA==",
      "engines": {
        "node": ">=12"
      }
    },
    "node_modules/oceanic.js": {
      "version": "1.0.2",
      "resolved": "https://registry.npmjs.org/oceanic.js/-/oceanic.js-1.0.2.tgz",
      "integrity": "sha512-C9Bw+Q0SQZ3j5XtUyMzVKgfd2SexoFtpEiksdoEnErA6tzi0KYLJ82vUd4YLV92WootCTgkTSPQnP0CAgzfyiA==",
      "dependencies": {
        "undici": "^5.10.0",
        "ws": "^8.8.1"
      },
      "engines": {
        "node": ">=16.16.0"
      },
      "optionalDependencies": {
        "@discordjs/voice": "^0.11.0"
      }
    },
    "node_modules/prism-media": {
      "version": "1.3.4",
      "resolved": "https://registry.npmjs.org/prism-media/-/prism-media-1.3.4.tgz",
      "integrity": "sha512-eW7LXORkTCQznZs+eqe9VjGOrLBxcBPXgNyHXMTSRVhphvd/RrxgIR7WaWt4fkLuhshcdT5KHL88LAfcvS3f5g==",
      "optional": true,
      "peerDependencies": {
        "@discordjs/opus": "^0.8.0",
        "ffmpeg-static": "^5.0.2 || ^4.2.7 || ^3.0.0 || ^2.4.0",
        "node-opus": "^0.3.3",
        "opusscript": "^0.0.8"
      },
      "peerDependenciesMeta": {
        "@discordjs/opus": {
          "optional": true
        },
        "ffmpeg-static": {
          "optional": true
        },
        "node-opus": {
          "optional": true
        },
        "opusscript": {
          "optional": true
        }
      }
    },
    "node_modules/tslib": {
      "version": "2.4.0",
      "resolved": "https://registry.npmjs.org/tslib/-/tslib-2.4.0.tgz",
      "integrity": "sha512-d6xOpEDfsi2CZVlPQzGeux8XMwLT9hssAsaPYExaQMuYskwb+x1x7J371tWlbBdWHroy99KnVB6qIkUbs5X3UQ==",
      "optional": true
    },
    "node_modules/undici": {
      "version": "5.10.0",
      "resolved": "https://registry.npmjs.org/undici/-/undici-5.10.0.tgz",
      "integrity": "sha512-c8HsD3IbwmjjbLvoZuRI26TZic+TSEe8FPMLLOkN1AfYRhdjnKBU6yL+IwcSCbdZiX4e5t0lfMDLDCqj4Sq70g==",
      "engines": {
        "node": ">=12.18"
      }
    },
    "node_modules/ws": {
      "version": "8.8.1",
      "resolved": "https://registry.npmjs.org/ws/-/ws-8.8.1.tgz",
      "integrity": "sha512-bGy2JzvzkPowEJV++hF07hAD6niYSr0JzBNo/J29WsB57A2r7Wlc1UFcTR9IzrPvuNVO4B8LGqF8qcpsVOhJCA==",
      "engines": {
        "node": ">=10.0.0"
      },
      "peerDependencies": {
        "bufferutil": "^4.0.1",
        "utf-8-validate": "^5.0.2"
      },
      "peerDependenciesMeta": {
        "bufferutil": {
          "optional": true
        },
        "utf-8-validate": {
          "optional": true
        }
      }
    }
  },
  "dependencies": {
    "@discordjs/voice": {
      "version": "0.11.0",
      "resolved": "https://registry.npmjs.org/@discordjs/voice/-/voice-0.11.0.tgz",
      "integrity": "sha512-6+9cj1dxzBJm7WJ9qyG2XZZQ8rcLl6x2caW0C0OxuTtMLAaEDntpb6lqMTFiBg/rDc4Rd59g1w0gJmib33CuHw==",
      "optional": true,
      "requires": {
        "@types/ws": "^8.5.3",
        "discord-api-types": "^0.36.2",
        "prism-media": "^1.3.4",
        "tslib": "^2.4.0",
        "ws": "^8.8.1"
      }
    },
    "@types/node": {
      "version": "18.7.16",
      "resolved": "https://registry.npmjs.org/@types/node/-/node-18.7.16.tgz",
      "integrity": "sha512-EQHhixfu+mkqHMZl1R2Ovuvn47PUw18azMJOTwSZr9/fhzHNGXAJ0ma0dayRVchprpCj0Kc1K1xKoWaATWF1qg==",
      "devOptional": true
    },
    "@types/ws": {
      "version": "8.5.3",
      "resolved": "https://registry.npmjs.org/@types/ws/-/ws-8.5.3.tgz",
      "integrity": "sha512-6YOoWjruKj1uLf3INHH7D3qTXwFfEsg1kf3c0uDdSBJwfa/llkwIjrAGV7j7mVgGNbzTQ3HiHKKDXl6bJPD97w==",
      "devOptional": true,
      "requires": {
        "@types/node": "*"
      }
    },
    "discord-api-types": {
      "version": "0.36.3",
      "resolved": "https://registry.npmjs.org/discord-api-types/-/discord-api-types-0.36.3.tgz",
      "integrity": "sha512-bz/NDyG0KBo/tY14vSkrwQ/n3HKPf87a0WFW/1M9+tXYK+vp5Z5EksawfCWo2zkAc6o7CClc0eff1Pjrqznlwg==",
      "optional": true
    },
    "dotenv": {
      "version": "16.0.2",
      "resolved": "https://registry.npmjs.org/dotenv/-/dotenv-16.0.2.tgz",
      "integrity": "sha512-JvpYKUmzQhYoIFgK2MOnF3bciIZoItIIoryihy0rIA+H4Jy0FmgyKYAHCTN98P5ybGSJcIFbh6QKeJdtZd1qhA=="
    },
    "oceanic.js": {
      "version": "1.0.2",
      "resolved": "https://registry.npmjs.org/oceanic.js/-/oceanic.js-1.0.2.tgz",
      "integrity": "sha512-C9Bw+Q0SQZ3j5XtUyMzVKgfd2SexoFtpEiksdoEnErA6tzi0KYLJ82vUd4YLV92WootCTgkTSPQnP0CAgzfyiA==",
      "requires": {
        "@discordjs/voice": "^0.11.0",
        "undici": "^5.10.0",
        "ws": "^8.8.1"
      }
    },
    "prism-media": {
      "version": "1.3.4",
      "resolved": "https://registry.npmjs.org/prism-media/-/prism-media-1.3.4.tgz",
      "integrity": "sha512-eW7LXORkTCQznZs+eqe9VjGOrLBxcBPXgNyHXMTSRVhphvd/RrxgIR7WaWt4fkLuhshcdT5KHL88LAfcvS3f5g==",
      "optional": true,
      "requires": {}
    },
    "tslib": {
      "version": "2.4.0",
      "resolved": "https://registry.npmjs.org/tslib/-/tslib-2.4.0.tgz",
      "integrity": "sha512-d6xOpEDfsi2CZVlPQzGeux8XMwLT9hssAsaPYExaQMuYskwb+x1x7J371tWlbBdWHroy99KnVB6qIkUbs5X3UQ==",
      "optional": true
    },
    "undici": {
      "version": "5.10.0",
      "resolved": "https://registry.npmjs.org/undici/-/undici-5.10.0.tgz",
      "integrity": "sha512-c8HsD3IbwmjjbLvoZuRI26TZic+TSEe8FPMLLOkN1AfYRhdjnKBU6yL+IwcSCbdZiX4e5t0lfMDLDCqj4Sq70g=="
    },
    "ws": {
      "version": "8.8.1",
      "resolved": "https://registry.npmjs.org/ws/-/ws-8.8.1.tgz",
      "integrity": "sha512-bGy2JzvzkPowEJV++hF07hAD6niYSr0JzBNo/J29WsB57A2r7Wlc1UFcTR9IzrPvuNVO4B8LGqF8qcpsVOhJCA==",
      "requires": {}
    }
  }
}
